
Microsoft Visual Studio Solution File, Format Version 12.00
# Visual Studio Version 16
VisualStudioVersion = 16.0.31911.196
MinimumVisualStudioVersion = 10.0.40219.1
Project("{FAE04EC0-301F-11D3-BF4B-00C04F79EFBC}") = "Web", "Web.csproj", "{ABAE91F0-E96B-46D4-A648-97BC0749646A}"
EndProject
Project("{FAE04EC0-301F-11D3-BF4B-00C04F79EFBC}") = "WebApi", "..\WebApi\WebApi.csproj", "{B52C22DB-D4FB-4B80-8702-DADEA18D8B3E}"
EndProject
Project("{FAE04EC0-301F-11D3-BF4B-00C04F79EFBC}") = "WebShared", "..\WebShared\WebShared.csproj", "{AA8A38E7-33CD-4111-830E-CA43730F9C8B}"
EndProject
Global
	GlobalSection(SolutionConfigurationPlatforms) = preSolution
		Debug|Any CPU = Debug|Any CPU
		Release|Any CPU = Release|Any CPU
	EndGlobalSection
	GlobalSection(ProjectConfigurationPlatforms) = postSolution
		{ABAE91F0-E96B-46D4-A648-97BC0749646A}.Debug|Any CPU.ActiveCfg = Debug|Any CPU
		{ABAE91F0-E96B-46D4-A648-97BC0749646A}.Debug|Any CPU.Build.0 = Debug|Any CPU
		{ABAE91F0-E96B-46D4-A648-97BC0749646A}.Release|Any CPU.ActiveCfg = Release|Any CPU
		{ABAE91F0-E96B-46D4-A648-97BC0749646A}.Release|Any CPU.Build.0 = Release|Any CPU
		{B52C22DB-D4FB-4B80-8702-DADEA18D8B3E}.Debug|Any CPU.ActiveCfg = Debug|Any CPU
		{B52C22DB-D4FB-4B80-8702-DADEA18D8B3E}.Debug|Any CPU.Build.0 = Debug|Any CPU
		{B52C22DB-D4FB-4B80-8702-DADEA18D8B3E}.Release|Any CPU.ActiveCfg = Release|Any CPU
		{B52C22DB-D4FB-4B80-8702-DADEA18D8B3E}.Release|Any CPU.Build.0 = Release|Any CPU
		{AA8A38E7-33CD-4111-830E-CA43730F9C8B}.Debug|Any CPU.ActiveCfg = Debug|Any CPU
		{AA8A38E7-33CD-4111-830E-CA43730F9C8B}.Debug|Any CPU.Build.0 = Debug|Any CPU
		{AA8A38E7-33CD-4111-830E-CA43730F9C8B}.Release|Any CPU.ActiveCfg = Release|Any CPU
		{AA8A38E7-33CD-4111-830E-CA43730F9C8B}.Release|Any CPU.Build.0 = Release|Any CPU
	EndGlobalSection
	GlobalSection(SolutionProperties) = preSolution
		HideSolutionNode = FALSE
	EndGlobalSection
	GlobalSection(ExtensibilityGlobals) = postSolution
		SolutionGuid = {128467AC-8B0E-4615-AAE2-DAE72E8A5F03}
	EndGlobalSection
EndGlobal
